
Microsoft Visual Studio Solution File, Format Version 12.00
# Visual Studio Version 17
VisualStudioVersion = 17.4.33110.190
MinimumVisualStudioVersion = 10.0.40219.1
Project("{FAE04EC0-301F-11D3-BF4B-00C04F79EFBC}") = "Spotify Player", "Spotify Player\Spotify Player.csproj", "{BCBB694C-8B2D-40DE-8894-4221C2045299}"
EndProject
Global
	GlobalSection(SolutionConfigurationPlatforms) = preSolution
		Debug|Any CPU = Debug|Any CPU
		Release|Any CPU = Release|Any CPU
	EndGlobalSection
	GlobalSection(ProjectConfigurationPlatforms) = postSolution
		{BCBB694C-8B2D-40DE-8894-4221C2045299}.Debug|Any CPU.ActiveCfg = Debug|Any CPU
		{BCBB694C-8B2D-40DE-8894-4221C2045299}.Debug|Any CPU.Build.0 = Debug|Any CPU
		{BCBB694C-8B2D-40DE-8894-4221C2045299}.Release|Any CPU.ActiveCfg = Release|Any CPU
		{BCBB694C-8B2D-40DE-8894-4221C2045299}.Release|Any CPU.Build.0 = Release|Any CPU
	EndGlobalSection
	GlobalSection(SolutionProperties) = preSolution
		HideSolutionNode = FALSE
	EndGlobalSection
	GlobalSection(ExtensibilityGlobals) = postSolution
		SolutionGuid = {AD374FF0-91D0-49CA-90D3-BE88338A00F8}
	EndGlobalSection
EndGlobal
